
Microsoft Visual Studio Solution File, Format Version 12.00
# Visual Studio Version 17
VisualStudioVersion = 17.14.36301.6 d17.14
MinimumVisualStudioVersion = 10.0.40219.1
Project("{FAE04EC0-301F-11D3-BF4B-00C04F79EFBC}") = "Topic 5 - If Statements", "Topic 5 - If Statements.csproj", "{9842C07F-2DE8-4427-9904-920DD891D4A0}"
EndProject
Global
	GlobalSection(SolutionConfigurationPlatforms) = preSolution
		Debug|Any CPU = Debug|Any CPU
		Release|Any CPU = Release|Any CPU
	EndGlobalSection
	GlobalSection(ProjectConfigurationPlatforms) = postSolution
		{9842C07F-2DE8-4427-9904-920DD891D4A0}.Debug|Any CPU.ActiveCfg = Debug|Any CPU
		{9842C07F-2DE8-4427-9904-920DD891D4A0}.Debug|Any CPU.Build.0 = Debug|Any CPU
		{9842C07F-2DE8-4427-9904-920DD891D4A0}.Release|Any CPU.ActiveCfg = Release|Any CPU
		{9842C07F-2DE8-4427-9904-920DD891D4A0}.Release|Any CPU.Build.0 = Release|Any CPU
	EndGlobalSection
	GlobalSection(SolutionProperties) = preSolution
		HideSolutionNode = FALSE
	EndGlobalSection
	GlobalSection(ExtensibilityGlobals) = postSolution
		SolutionGuid = {13B9BE28-BF30-434A-850F-F47FBCF4E827}
	EndGlobalSection
EndGlobal
